// !$*UTF8*$!
{
	archiveVersion = 1;
	classes = {
	};
	objectVersion = 46;
	objects = {

/* Begin PBXBuildFile section */
		3EB67EE716F789C800111A41 /* libea.a in Frameworks */ = {isa = PBXBuildFile; fileRef = 3EB67EE616F789C800111A41 /* libea.a */; };
		42441A9B15861785009863BE /* libboost_iostreams.dylib in Frameworks */ = {isa = PBXBuildFile; fileRef = 42441A9615861785009863BE /* libboost_iostreams.dylib */; };
		42441A9C15861785009863BE /* libboost_program_options.dylib in Frameworks */ = {isa = PBXBuildFile; fileRef = 42441A9715861785009863BE /* libboost_program_options.dylib */; };
		42441A9D15861785009863BE /* libboost_regex.dylib in Frameworks */ = {isa = PBXBuildFile; fileRef = 42441A9815861785009863BE /* libboost_regex.dylib */; };
		42441A9E15861785009863BE /* libboost_serialization.dylib in Frameworks */ = {isa = PBXBuildFile; fileRef = 42441A9915861785009863BE /* libboost_serialization.dylib */; };
		42441A9F15861785009863BE /* libboost_signals.dylib in Frameworks */ = {isa = PBXBuildFile; fileRef = 42441A9A15861785009863BE /* libboost_signals.dylib */; };
		42441AA2158617D9009863BE /* main.cpp in Sources */ = {isa = PBXBuildFile; fileRef = 42441A82158616AF009863BE /* main.cpp */; };
		480FBF7A1961E144006919A5 /* libea.a in Frameworks */ = {isa = PBXBuildFile; fileRef = 3EB67EE616F789C800111A41 /* libea.a */; };
		480FBF7B1961E144006919A5 /* libboost_iostreams.dylib in Frameworks */ = {isa = PBXBuildFile; fileRef = 42441A9615861785009863BE /* libboost_iostreams.dylib */; };
		480FBF7C1961E144006919A5 /* libboost_program_options.dylib in Frameworks */ = {isa = PBXBuildFile; fileRef = 42441A9715861785009863BE /* libboost_program_options.dylib */; };
		480FBF7D1961E144006919A5 /* libboost_regex.dylib in Frameworks */ = {isa = PBXBuildFile; fileRef = 42441A9815861785009863BE /* libboost_regex.dylib */; };
		480FBF7E1961E144006919A5 /* libboost_serialization.dylib in Frameworks */ = {isa = PBXBuildFile; fileRef = 42441A9915861785009863BE /* libboost_serialization.dylib */; };
		480FBF7F1961E144006919A5 /* libboost_signals.dylib in Frameworks */ = {isa = PBXBuildFile; fileRef = 42441A9A15861785009863BE /* libboost_signals.dylib */; };
		480FBF851961E157006919A5 /* apop_sterile_control.cpp in Sources */ = {isa = PBXBuildFile; fileRef = 480FBF751961E118006919A5 /* apop_sterile_control.cpp */; };
		480FBF8B1961E38E006919A5 /* libea.a in Frameworks */ = {isa = PBXBuildFile; fileRef = 3EB67EE616F789C800111A41 /* libea.a */; };
		480FBF8C1961E38E006919A5 /* libboost_iostreams.dylib in Frameworks */ = {isa = PBXBuildFile; fileRef = 42441A9615861785009863BE /* libboost_iostreams.dylib */; };
		480FBF8D1961E38E006919A5 /* libboost_program_options.dylib in Frameworks */ = {isa = PBXBuildFile; fileRef = 42441A9715861785009863BE /* libboost_program_options.dylib */; };
		480FBF8E1961E38E006919A5 /* libboost_regex.dylib in Frameworks */ = {isa = PBXBuildFile; fileRef = 42441A9815861785009863BE /* libboost_regex.dylib */; };
		480FBF8F1961E38E006919A5 /* libboost_serialization.dylib in Frameworks */ = {isa = PBXBuildFile; fileRef = 42441A9915861785009863BE /* libboost_serialization.dylib */; };
		480FBF901961E38E006919A5 /* libboost_signals.dylib in Frameworks */ = {isa = PBXBuildFile; fileRef = 42441A9A15861785009863BE /* libboost_signals.dylib */; };
		480FBF961961E3B3006919A5 /* apop_replaceable_control.cpp in Sources */ = {isa = PBXBuildFile; fileRef = 480FBF861961E355006919A5 /* apop_replaceable_control.cpp */; };
/* End PBXBuildFile section */

/* Begin PBXCopyFilesBuildPhase section */
		42441A8915861724009863BE /* CopyFiles */ = {
			isa = PBXCopyFilesBuildPhase;
			buildActionMask = 2147483647;
			dstPath = /usr/share/man/man1/;
			dstSubfolderSpec = 0;
			files = (
			);
			runOnlyForDeploymentPostprocessing = 1;
		};
		480FBF801961E144006919A5 /* CopyFiles */ = {
			isa = PBXCopyFilesBuildPhase;
			buildActionMask = 2147483647;
			dstPath = /usr/share/man/man1/;
			dstSubfolderSpec = 0;
			files = (
			);
			runOnlyForDeploymentPostprocessing = 1;
		};
		480FBF911961E38E006919A5 /* CopyFiles */ = {
			isa = PBXCopyFilesBuildPhase;
			buildActionMask = 2147483647;
			dstPath = /usr/share/man/man1/;
			dstSubfolderSpec = 0;
			files = (
			);
			runOnlyForDeploymentPostprocessing = 1;
		};
/* End PBXCopyFilesBuildPhase section */

/* Begin PBXFileReference section */
		3EB3CA8515E6F62E00B82B07 /* gls.h */ = {isa = PBXFileReference; fileEncoding = 4; lastKnownFileType = sourcecode.c.h; path = gls.h; sourceTree = "<group>"; };
		3EB67EE616F789C800111A41 /* libea.a */ = {isa = PBXFileReference; lastKnownFileType = archive.ar; name = libea.a; path = ../ealib/build/Debug/libea.a; sourceTree = "<group>"; };
		42441A7E158616AF009863BE /* ealife.xcconfig */ = {isa = PBXFileReference; lastKnownFileType = text.xcconfig; path = ealife.xcconfig; sourceTree = "<group>"; };
		42441A7F158616AF009863BE /* libea_defaults.cfg */ = {isa = PBXFileReference; lastKnownFileType = text; path = libea_defaults.cfg; sourceTree = "<group>"; };
		42441A80158616AF009863BE /* Jamroot */ = {isa = PBXFileReference; lastKnownFileType = text; path = Jamroot; sourceTree = "<group>"; };
		42441A82158616AF009863BE /* main.cpp */ = {isa = PBXFileReference; lastKnownFileType = sourcecode.cpp.cpp; path = main.cpp; sourceTree = "<group>"; };
		42441A8B15861724009863BE /* gls */ = {isa = PBXFileReference; explicitFileType = "compiled.mach-o.executable"; includeInIndex = 0; path = gls; sourceTree = BUILT_PRODUCTS_DIR; };
		42441A9615861785009863BE /* libboost_iostreams.dylib */ = {isa = PBXFileReference; lastKnownFileType = "compiled.mach-o.dylib"; name = libboost_iostreams.dylib; path = /usr/local/lib/libboost_iostreams.dylib; sourceTree = "<absolute>"; };
		42441A9715861785009863BE /* libboost_program_options.dylib */ = {isa = PBXFileReference; lastKnownFileType = "compiled.mach-o.dylib"; name = libboost_program_options.dylib; path = /usr/local/lib/libboost_program_options.dylib; sourceTree = "<absolute>"; };
		42441A9815861785009863BE /* libboost_regex.dylib */ = {isa = PBXFileReference; lastKnownFileType = "compiled.mach-o.dylib"; name = libboost_regex.dylib; path = /usr/local/lib/libboost_regex.dylib; sourceTree = "<absolute>"; };
		42441A9915861785009863BE /* libboost_serialization.dylib */ = {isa = PBXFileReference; lastKnownFileType = "compiled.mach-o.dylib"; name = libboost_serialization.dylib; path = /usr/local/lib/libboost_serialization.dylib; sourceTree = "<absolute>"; };
		42441A9A15861785009863BE /* libboost_signals.dylib */ = {isa = PBXFileReference; lastKnownFileType = "compiled.mach-o.dylib"; name = libboost_signals.dylib; path = /usr/local/lib/libboost_signals.dylib; sourceTree = "<absolute>"; };
		42441B2815862C44009863BE /* libea.a */ = {isa = PBXFileReference; lastKnownFileType = archive.ar; name = libea.a; path = ../../../DerivedData/research/Build/Products/Debug/libea.a; sourceTree = "<group>"; };
		480FBF7319618CC5006919A5 /* lod_knockouts.h */ = {isa = PBXFileReference; lastKnownFileType = sourcecode.c.h; path = lod_knockouts.h; sourceTree = "<group>"; };
		480FBF741961D70E006919A5 /* movie.h */ = {isa = PBXFileReference; lastKnownFileType = sourcecode.c.h; path = movie.h; sourceTree = "<group>"; };
		480FBF751961E118006919A5 /* apop_sterile_control.cpp */ = {isa = PBXFileReference; lastKnownFileType = sourcecode.cpp.cpp; path = apop_sterile_control.cpp; sourceTree = "<group>"; };
		480FBF841961E144006919A5 /* apop_sterile */ = {isa = PBXFileReference; explicitFileType = "compiled.mach-o.executable"; includeInIndex = 0; path = apop_sterile; sourceTree = BUILT_PRODUCTS_DIR; };
		480FBF861961E355006919A5 /* apop_replaceable_control.cpp */ = {isa = PBXFileReference; lastKnownFileType = sourcecode.cpp.cpp; path = apop_replaceable_control.cpp; sourceTree = "<group>"; };
		480FBF951961E38E006919A5 /* apop_replaceable */ = {isa = PBXFileReference; explicitFileType = "compiled.mach-o.executable"; includeInIndex = 0; path = apop_replaceable; sourceTree = BUILT_PRODUCTS_DIR; };
		480FBF971961E63E006919A5 /* selfrep_not_sterile_ancestor.h */ = {isa = PBXFileReference; lastKnownFileType = sourcecode.c.h; path = selfrep_not_sterile_ancestor.h; sourceTree = "<group>"; };
		48980894195064DB000D501E /* multi_founder.h */ = {isa = PBXFileReference; lastKnownFileType = sourcecode.c.h; path = multi_founder.h; sourceTree = "<group>"; };
/* End PBXFileReference section */

/* Begin PBXFrameworksBuildPhase section */
		42441A8815861724009863BE /* Frameworks */ = {
			isa = PBXFrameworksBuildPhase;
			buildActionMask = 2147483647;
			files = (
				3EB67EE716F789C800111A41 /* libea.a in Frameworks */,
				42441A9B15861785009863BE /* libboost_iostreams.dylib in Frameworks */,
				42441A9C15861785009863BE /* libboost_program_options.dylib in Frameworks */,
				42441A9D15861785009863BE /* libboost_regex.dylib in Frameworks */,
				42441A9E15861785009863BE /* libboost_serialization.dylib in Frameworks */,
				42441A9F15861785009863BE /* libboost_signals.dylib in Frameworks */,
			);
			runOnlyForDeploymentPostprocessing = 0;
		};
		480FBF791961E144006919A5 /* Frameworks */ = {
			isa = PBXFrameworksBuildPhase;
			buildActionMask = 2147483647;
			files = (
				480FBF7A1961E144006919A5 /* libea.a in Frameworks */,
				480FBF7B1961E144006919A5 /* libboost_iostreams.dylib in Frameworks */,
				480FBF7C1961E144006919A5 /* libboost_program_options.dylib in Frameworks */,
				480FBF7D1961E144006919A5 /* libboost_regex.dylib in Frameworks */,
				480FBF7E1961E144006919A5 /* libboost_serialization.dylib in Frameworks */,
				480FBF7F1961E144006919A5 /* libboost_signals.dylib in Frameworks */,
			);
			runOnlyForDeploymentPostprocessing = 0;
		};
		480FBF8A1961E38E006919A5 /* Frameworks */ = {
			isa = PBXFrameworksBuildPhase;
			buildActionMask = 2147483647;
			files = (
				480FBF8B1961E38E006919A5 /* libea.a in Frameworks */,
				480FBF8C1961E38E006919A5 /* libboost_iostreams.dylib in Frameworks */,
				480FBF8D1961E38E006919A5 /* libboost_program_options.dylib in Frameworks */,
				480FBF8E1961E38E006919A5 /* libboost_regex.dylib in Frameworks */,
				480FBF8F1961E38E006919A5 /* libboost_serialization.dylib in Frameworks */,
				480FBF901961E38E006919A5 /* libboost_signals.dylib in Frameworks */,
			);
			runOnlyForDeploymentPostprocessing = 0;
		};
/* End PBXFrameworksBuildPhase section */

/* Begin PBXGroup section */
		424419E815861127009863BE = {
			isa = PBXGroup;
			children = (
				3EB67EE616F789C800111A41 /* libea.a */,
				42441A80158616AF009863BE /* Jamroot */,
				42441A7D158616AF009863BE /* etc */,
				42441A9515861785009863BE /* lib */,
				42441A81158616AF009863BE /* src */,
				424419F415861127009863BE /* Products */,
			);
			sourceTree = "<group>";
		};
		424419F415861127009863BE /* Products */ = {
			isa = PBXGroup;
			children = (
				42441A8B15861724009863BE /* gls */,
				480FBF841961E144006919A5 /* apop_sterile */,
				480FBF951961E38E006919A5 /* apop_replaceable */,
			);
			name = Products;
			sourceTree = "<group>";
		};
		42441A7D158616AF009863BE /* etc */ = {
			isa = PBXGroup;
			children = (
				42441A7E158616AF009863BE /* ealife.xcconfig */,
				42441A7F158616AF009863BE /* libea_defaults.cfg */,
			);
			path = etc;
			sourceTree = "<group>";
		};
		42441A81158616AF009863BE /* src */ = {
			isa = PBXGroup;
			children = (
				3EB3CA8515E6F62E00B82B07 /* gls.h */,
				42441A82158616AF009863BE /* main.cpp */,
				48980894195064DB000D501E /* multi_founder.h */,
				480FBF7319618CC5006919A5 /* lod_knockouts.h */,
				480FBF741961D70E006919A5 /* movie.h */,
				480FBF751961E118006919A5 /* apop_sterile_control.cpp */,
				480FBF861961E355006919A5 /* apop_replaceable_control.cpp */,
				480FBF971961E63E006919A5 /* selfrep_not_sterile_ancestor.h */,
			);
			path = src;
			sourceTree = "<group>";
		};
		42441A9515861785009863BE /* lib */ = {
			isa = PBXGroup;
			children = (
				42441B2815862C44009863BE /* libea.a */,
				42441A9615861785009863BE /* libboost_iostreams.dylib */,
				42441A9715861785009863BE /* libboost_program_options.dylib */,
				42441A9815861785009863BE /* libboost_regex.dylib */,
				42441A9915861785009863BE /* libboost_serialization.dylib */,
				42441A9A15861785009863BE /* libboost_signals.dylib */,
			);
			name = lib;
			path = /Users/dk/Documents/repositories/research.hg/src/ocr/../apps;
			sourceTree = "<absolute>";
		};
/* End PBXGroup section */

/* Begin PBXNativeTarget section */
		42441A8A15861724009863BE /* gls */ = {
			isa = PBXNativeTarget;
			buildConfigurationList = 42441A9215861725009863BE /* Build configuration list for PBXNativeTarget "gls" */;
			buildPhases = (
				42441A8715861724009863BE /* Sources */,
				42441A8815861724009863BE /* Frameworks */,
				42441A8915861724009863BE /* CopyFiles */,
			);
			buildRules = (
			);
			dependencies = (
			);
			name = gls;
			productName = ealife;
			productReference = 42441A8B15861724009863BE /* gls */;
			productType = "com.apple.product-type.tool";
		};
		480FBF761961E144006919A5 /* apop_sterile */ = {
			isa = PBXNativeTarget;
			buildConfigurationList = 480FBF811961E144006919A5 /* Build configuration list for PBXNativeTarget "apop_sterile" */;
			buildPhases = (
				480FBF771961E144006919A5 /* Sources */,
				480FBF791961E144006919A5 /* Frameworks */,
				480FBF801961E144006919A5 /* CopyFiles */,
			);
			buildRules = (
			);
			dependencies = (
			);
			name = apop_sterile;
			productName = ealife;
			productReference = 480FBF841961E144006919A5 /* apop_sterile */;
			productType = "com.apple.product-type.tool";
		};
		480FBF871961E38E006919A5 /* apop_replaceable */ = {
			isa = PBXNativeTarget;
			buildConfigurationList = 480FBF921961E38E006919A5 /* Build configuration list for PBXNativeTarget "apop_replaceable" */;
			buildPhases = (
				480FBF881961E38E006919A5 /* Sources */,
				480FBF8A1961E38E006919A5 /* Frameworks */,
				480FBF911961E38E006919A5 /* CopyFiles */,
			);
			buildRules = (
			);
			dependencies = (
			);
			name = apop_replaceable;
			productName = ealife;
			productReference = 480FBF951961E38E006919A5 /* apop_replaceable */;
			productType = "com.apple.product-type.tool";
		};
/* End PBXNativeTarget section */

/* Begin PBXProject section */
		424419EA15861127009863BE /* Project object */ = {
			isa = PBXProject;
			attributes = {
				LastUpgradeCheck = 0420;
				ORGANIZATIONNAME = "Michigan State University";
			};
			buildConfigurationList = 424419ED15861127009863BE /* Build configuration list for PBXProject "cell_death" */;
			compatibilityVersion = "Xcode 3.2";
			developmentRegion = English;
			hasScannedForEncodings = 0;
			knownRegions = (
				en,
			);
			mainGroup = 424419E815861127009863BE;
			productRefGroup = 424419F415861127009863BE /* Products */;
			projectDirPath = "";
			projectRoot = "";
			targets = (
				42441A8A15861724009863BE /* gls */,
				480FBF761961E144006919A5 /* apop_sterile */,
				480FBF871961E38E006919A5 /* apop_replaceable */,
			);
		};
/* End PBXProject section */

/* Begin PBXSourcesBuildPhase section */
		42441A8715861724009863BE /* Sources */ = {
			isa = PBXSourcesBuildPhase;
			buildActionMask = 2147483647;
			files = (
				42441AA2158617D9009863BE /* main.cpp in Sources */,
			);
			runOnlyForDeploymentPostprocessing = 0;
		};
		480FBF771961E144006919A5 /* Sources */ = {
			isa = PBXSourcesBuildPhase;
			buildActionMask = 2147483647;
			files = (
				480FBF851961E157006919A5 /* apop_sterile_control.cpp in Sources */,
			);
			runOnlyForDeploymentPostprocessing = 0;
		};
		480FBF881961E38E006919A5 /* Sources */ = {
			isa = PBXSourcesBuildPhase;
			buildActionMask = 2147483647;
			files = (
				480FBF961961E3B3006919A5 /* apop_replaceable_control.cpp in Sources */,
			);
			runOnlyForDeploymentPostprocessing = 0;
		};
/* End PBXSourcesBuildPhase section */

/* Begin XCBuildConfiguration section */
		424419FB15861127009863BE /* Debug */ = {
			isa = XCBuildConfiguration;
			baseConfigurationReference = 42441A7E158616AF009863BE /* ealife.xcconfig */;
			buildSettings = {
				CLANG_CXX_LIBRARY = "compiler-default";
				MACOSX_DEPLOYMENT_TARGET = 10.8;
			};
			name = Debug;
		};
		424419FC15861127009863BE /* Release */ = {
			isa = XCBuildConfiguration;
			baseConfigurationReference = 42441A7E158616AF009863BE /* ealife.xcconfig */;
			buildSettings = {
				CLANG_CXX_LIBRARY = "compiler-default";
				MACOSX_DEPLOYMENT_TARGET = 10.8;
			};
			name = Release;
		};
		42441A9315861725009863BE /* Debug */ = {
			isa = XCBuildConfiguration;
			buildSettings = {
				GCC_WARN_ABOUT_RETURN_TYPE = YES;
				LIBRARY_SEARCH_PATHS = (
					"$(inherited)",
					"\"$(SRCROOT)/../DerivedData/research/Build/Products/Debug\"",
					"\"$(SRCROOT)/../ealib/build/Debug\"",
				);
				PRODUCT_NAME = "$(TARGET_NAME)";
			};
			name = Debug;
		};
		42441A9415861725009863BE /* Release */ = {
			isa = XCBuildConfiguration;
			buildSettings = {
				GCC_WARN_ABOUT_RETURN_TYPE = YES;
				LIBRARY_SEARCH_PATHS = (
					"$(inherited)",
					"\"$(SRCROOT)/../DerivedData/research/Build/Products/Debug\"",
					"\"$(SRCROOT)/../ealib/build/Debug\"",
				);
				PRODUCT_NAME = "$(TARGET_NAME)";
			};
			name = Release;
		};
		480FBF821961E144006919A5 /* Debug */ = {
			isa = XCBuildConfiguration;
			buildSettings = {
				GCC_WARN_ABOUT_RETURN_TYPE = YES;
				LIBRARY_SEARCH_PATHS = (
					"$(inherited)",
					"\"$(SRCROOT)/../DerivedData/research/Build/Products/Debug\"",
					"\"$(SRCROOT)/../ealib/build/Debug\"",
				);
				PRODUCT_NAME = apop_sterile;
			};
			name = Debug;
		};
		480FBF831961E144006919A5 /* Release */ = {
			isa = XCBuildConfiguration;
			buildSettings = {
				GCC_WARN_ABOUT_RETURN_TYPE = YES;
				LIBRARY_SEARCH_PATHS = (
					"$(inherited)",
					"\"$(SRCROOT)/../DerivedData/research/Build/Products/Debug\"",
					"\"$(SRCROOT)/../ealib/build/Debug\"",
				);
				PRODUCT_NAME = apop_sterile;
			};
			name = Release;
		};
		480FBF931961E38E006919A5 /* Debug */ = {
			isa = XCBuildConfiguration;
			buildSettings = {
				GCC_WARN_ABOUT_RETURN_TYPE = YES;
				LIBRARY_SEARCH_PATHS = (
					"$(inherited)",
					"\"$(SRCROOT)/../DerivedData/research/Build/Products/Debug\"",
					"\"$(SRCROOT)/../ealib/build/Debug\"",
				);
				PRODUCT_NAME = apop_replaceable;
			};
			name = Debug;
		};
		480FBF941961E38E006919A5 /* Release */ = {
			isa = XCBuildConfiguration;
			buildSettings = {
				GCC_WARN_ABOUT_RETURN_TYPE = YES;
				LIBRARY_SEARCH_PATHS = (
					"$(inherited)",
					"\"$(SRCROOT)/../DerivedData/research/Build/Products/Debug\"",
					"\"$(SRCROOT)/../ealib/build/Debug\"",
				);
				PRODUCT_NAME = apop_replaceable;
			};
			name = Release;
		};
/* End XCBuildConfiguration section */

/* Begin XCConfigurationList section */
		424419ED15861127009863BE /* Build configuration list for PBXProject "cell_death" */ = {
			isa = XCConfigurationList;
			buildConfigurations = (
				424419FB15861127009863BE /* Debug */,
				424419FC15861127009863BE /* Release */,
			);
			defaultConfigurationIsVisible = 0;
			defaultConfigurationName = Release;
		};
		42441A9215861725009863BE /* Build configuration list for PBXNativeTarget "gls" */ = {
			isa = XCConfigurationList;
			buildConfigurations = (
				42441A9315861725009863BE /* Debug */,
				42441A9415861725009863BE /* Release */,
			);
			defaultConfigurationIsVisible = 0;
			defaultConfigurationName = Release;
		};
		480FBF811961E144006919A5 /* Build configuration list for PBXNativeTarget "apop_sterile" */ = {
			isa = XCConfigurationList;
			buildConfigurations = (
				480FBF821961E144006919A5 /* Debug */,
				480FBF831961E144006919A5 /* Release */,
			);
			defaultConfigurationIsVisible = 0;
			defaultConfigurationName = Release;
		};
		480FBF921961E38E006919A5 /* Build configuration list for PBXNativeTarget "apop_replaceable" */ = {
			isa = XCConfigurationList;
			buildConfigurations = (
				480FBF931961E38E006919A5 /* Debug */,
				480FBF941961E38E006919A5 /* Release */,
			);
			defaultConfigurationIsVisible = 0;
			defaultConfigurationName = Release;
		};
/* End XCConfigurationList section */
	};
	rootObject = 424419EA15861127009863BE /* Project object */;
}
